
Microsoft Visual Studio Solution File, Format Version 9.00
# Visual Studio 2005
Project("{8BC9CEB8-8B4A-11D0-8D11-00A0C91BC942}") = "ActiveOPAL", "ActiveOPAL_2005.vcproj", "{34FE1005-62AE-4E42-B133-514481EB16FB}"
EndProject
Project("{8BC9CEB8-8B4A-11D0-8D11-00A0C91BC942}") = "ActiveOPAL PS", "ActiveOPAL_PS_2005.vcproj", "{1CEFD338-A6D5-4C73-A0C2-6720B16FE87B}"
EndProject
Global
	GlobalSection(SolutionConfigurationPlatforms) = preSolution
		Debug|Win32 = Debug|Win32
		Debug|Windows Mobile 5.0 Pocket PC SDK (ARMV4I) = Debug|Windows Mobile 5.0 Pocket PC SDK (ARMV4I)
		Debug|Windows Mobile 6 Professional SDK (ARMV4I) = Debug|Windows Mobile 6 Professional SDK (ARMV4I)
		No Trace|Win32 = No Trace|Win32
		No Trace|Windows Mobile 5.0 Pocket PC SDK (ARMV4I) = No Trace|Windows Mobile 5.0 Pocket PC SDK (ARMV4I)
		No Trace|Windows Mobile 6 Professional SDK (ARMV4I) = No Trace|Windows Mobile 6 Professional SDK (ARMV4I)
		Release|Win32 = Release|Win32
		Release|Windows Mobile 5.0 Pocket PC SDK (ARMV4I) = Release|Windows Mobile 5.0 Pocket PC SDK (ARMV4I)
		Release|Windows Mobile 6 Professional SDK (ARMV4I) = Release|Windows Mobile 6 Professional SDK (ARMV4I)
	EndGlobalSection
	GlobalSection(ProjectConfigurationPlatforms) = postSolution
		{34FE1005-62AE-4E42-B133-514481EB16FB}.Debug|Win32.ActiveCfg = Debug|Win32
		{34FE1005-62AE-4E42-B133-514481EB16FB}.Debug|Win32.Build.0 = Debug|Win32
		{34FE1005-62AE-4E42-B133-514481EB16FB}.Debug|Windows Mobile 5.0 Pocket PC SDK (ARMV4I).ActiveCfg = Debug|Win32
		{34FE1005-62AE-4E42-B133-514481EB16FB}.Debug|Windows Mobile 6 Professional SDK (ARMV4I).ActiveCfg = Debug|Win32
		{34FE1005-62AE-4E42-B133-514481EB16FB}.No Trace|Win32.ActiveCfg = No Trace|Win32
		{34FE1005-62AE-4E42-B133-514481EB16FB}.No Trace|Win32.Build.0 = No Trace|Win32
		{34FE1005-62AE-4E42-B133-514481EB16FB}.No Trace|Windows Mobile 5.0 Pocket PC SDK (ARMV4I).ActiveCfg = Release|Win32
		{34FE1005-62AE-4E42-B133-514481EB16FB}.No Trace|Windows Mobile 6 Professional SDK (ARMV4I).ActiveCfg = Release|Win32
		{34FE1005-62AE-4E42-B133-514481EB16FB}.Release|Win32.ActiveCfg = Release|Win32
		{34FE1005-62AE-4E42-B133-514481EB16FB}.Release|Win32.Build.0 = Release|Win32
		{34FE1005-62AE-4E42-B133-514481EB16FB}.Release|Windows Mobile 5.0 Pocket PC SDK (ARMV4I).ActiveCfg = Release|Win32
		{34FE1005-62AE-4E42-B133-514481EB16FB}.Release|Windows Mobile 6 Professional SDK (ARMV4I).ActiveCfg = Release|Win32
		{1CEFD338-A6D5-4C73-A0C2-6720B16FE87B}.Debug|Win32.ActiveCfg = Debug|Win32
		{1CEFD338-A6D5-4C73-A0C2-6720B16FE87B}.Debug|Windows Mobile 5.0 Pocket PC SDK (ARMV4I).ActiveCfg = Debug|Win32
		{1CEFD338-A6D5-4C73-A0C2-6720B16FE87B}.Debug|Windows Mobile 6 Professional SDK (ARMV4I).ActiveCfg = Debug|Win32
		{1CEFD338-A6D5-4C73-A0C2-6720B16FE87B}.No Trace|Win32.ActiveCfg = No Trace|Win32
		{1CEFD338-A6D5-4C73-A0C2-6720B16FE87B}.No Trace|Win32.Build.0 = No Trace|Win32
		{1CEFD338-A6D5-4C73-A0C2-6720B16FE87B}.No Trace|Windows Mobile 5.0 Pocket PC SDK (ARMV4I).ActiveCfg = Release|Win32
		{1CEFD338-A6D5-4C73-A0C2-6720B16FE87B}.No Trace|Windows Mobile 6 Professional SDK (ARMV4I).ActiveCfg = Release|Win32
		{1CEFD338-A6D5-4C73-A0C2-6720B16FE87B}.Release|Win32.ActiveCfg = Release|Win32
		{1CEFD338-A6D5-4C73-A0C2-6720B16FE87B}.Release|Windows Mobile 5.0 Pocket PC SDK (ARMV4I).ActiveCfg = Release|Win32
		{1CEFD338-A6D5-4C73-A0C2-6720B16FE87B}.Release|Windows Mobile 6 Professional SDK (ARMV4I).ActiveCfg = Release|Win32
	EndGlobalSection
	GlobalSection(SolutionProperties) = preSolution
		HideSolutionNode = FALSE
	EndGlobalSection
EndGlobal
